
Microsoft Visual Studio Solution File, Format Version 12.00
# Visual Studio Version 17
VisualStudioVersion = 17.1.32407.343
MinimumVisualStudioVersion = 10.0.40219.1
Project("{FAE04EC0-301F-11D3-BF4B-00C04F79EFBC}") = "ContactApp", "ContactApp.csproj", "{C48FC074-01C1-4846-B997-F658B025F3AF}"
EndProject
Global
	GlobalSection(SolutionConfigurationPlatforms) = preSolution
		Debug|Any CPU = Debug|Any CPU
		Release|Any CPU = Release|Any CPU
	EndGlobalSection
	GlobalSection(ProjectConfigurationPlatforms) = postSolution
		{C48FC074-01C1-4846-B997-F658B025F3AF}.Debug|Any CPU.ActiveCfg = Debug|Any CPU
		{C48FC074-01C1-4846-B997-F658B025F3AF}.Debug|Any CPU.Build.0 = Debug|Any CPU
		{C48FC074-01C1-4846-B997-F658B025F3AF}.Release|Any CPU.ActiveCfg = Release|Any CPU
		{C48FC074-01C1-4846-B997-F658B025F3AF}.Release|Any CPU.Build.0 = Release|Any CPU
	EndGlobalSection
	GlobalSection(SolutionProperties) = preSolution
		HideSolutionNode = FALSE
	EndGlobalSection
	GlobalSection(ExtensibilityGlobals) = postSolution
		SolutionGuid = {56749019-95DD-4C47-871D-DA4DF827B2C5}
	EndGlobalSection
EndGlobal
