
Microsoft Visual Studio Solution File, Format Version 12.00
# Visual Studio Version 17
VisualStudioVersion = 17.1.32407.343
MinimumVisualStudioVersion = 10.0.40219.1
Project("{9A19103F-16F7-4668-BE54-9A1E7A4F7556}") = "ContactApp", "Core\ContactApp.csproj", "{C48FC074-01C1-4846-B997-F658B025F3AF}"
EndProject
Project("{9A19103F-16F7-4668-BE54-9A1E7A4F7556}") = "Contact.API", "Contact\Contact.API\Contact.API.csproj", "{80FBA350-2BCB-4FC0-BBF5-278DB8A654EF}"
EndProject
Project("{9A19103F-16F7-4668-BE54-9A1E7A4F7556}") = "Report.API", "Report\Report.API\Report.API.csproj", "{39207F8D-0DA8-4A92-B30E-B8E21157C8BA}"
EndProject
Project("{9A19103F-16F7-4668-BE54-9A1E7A4F7556}") = "Contact.Infrastructure", "Contact\Contact.Infrastructure\Contact.Infrastructure.csproj", "{AC8F1047-5696-48C5-B910-4475D2F32457}"
EndProject
Project("{9A19103F-16F7-4668-BE54-9A1E7A4F7556}") = "Report.Infrastructure", "Report\Report.Infrastructure\Report.Infrastructure.csproj", "{AA8E0A74-F2F2-44D7-9A3E-2A2313E1437A}"
EndProject
Project("{2150E333-8FDC-42A3-9474-1A3956D46DE8}") = "Contact", "Contact", "{9C5EF16E-5BFD-44B6-8AE3-B6E13A70B209}"
EndProject
Project("{2150E333-8FDC-42A3-9474-1A3956D46DE8}") = "Report", "Report", "{9728E587-5F7D-45AF-856D-9837F0414A7E}"
EndProject
Project("{2150E333-8FDC-42A3-9474-1A3956D46DE8}") = "Core", "Core", "{6C1EE981-161D-4BEC-B8BF-89C567E07896}"
EndProject
Global
	GlobalSection(SolutionConfigurationPlatforms) = preSolution
		Debug|Any CPU = Debug|Any CPU
		Release|Any CPU = Release|Any CPU
	EndGlobalSection
	GlobalSection(ProjectConfigurationPlatforms) = postSolution
		{C48FC074-01C1-4846-B997-F658B025F3AF}.Debug|Any CPU.ActiveCfg = Debug|Any CPU
		{C48FC074-01C1-4846-B997-F658B025F3AF}.Debug|Any CPU.Build.0 = Debug|Any CPU
		{C48FC074-01C1-4846-B997-F658B025F3AF}.Release|Any CPU.ActiveCfg = Release|Any CPU
		{C48FC074-01C1-4846-B997-F658B025F3AF}.Release|Any CPU.Build.0 = Release|Any CPU
		{80FBA350-2BCB-4FC0-BBF5-278DB8A654EF}.Debug|Any CPU.ActiveCfg = Debug|Any CPU
		{80FBA350-2BCB-4FC0-BBF5-278DB8A654EF}.Debug|Any CPU.Build.0 = Debug|Any CPU
		{80FBA350-2BCB-4FC0-BBF5-278DB8A654EF}.Release|Any CPU.ActiveCfg = Release|Any CPU
		{80FBA350-2BCB-4FC0-BBF5-278DB8A654EF}.Release|Any CPU.Build.0 = Release|Any CPU
		{39207F8D-0DA8-4A92-B30E-B8E21157C8BA}.Debug|Any CPU.ActiveCfg = Debug|Any CPU
		{39207F8D-0DA8-4A92-B30E-B8E21157C8BA}.Debug|Any CPU.Build.0 = Debug|Any CPU
		{39207F8D-0DA8-4A92-B30E-B8E21157C8BA}.Release|Any CPU.ActiveCfg = Release|Any CPU
		{39207F8D-0DA8-4A92-B30E-B8E21157C8BA}.Release|Any CPU.Build.0 = Release|Any CPU
		{AC8F1047-5696-48C5-B910-4475D2F32457}.Debug|Any CPU.ActiveCfg = Debug|Any CPU
		{AC8F1047-5696-48C5-B910-4475D2F32457}.Debug|Any CPU.Build.0 = Debug|Any CPU
		{AC8F1047-5696-48C5-B910-4475D2F32457}.Release|Any CPU.ActiveCfg = Release|Any CPU
		{AC8F1047-5696-48C5-B910-4475D2F32457}.Release|Any CPU.Build.0 = Release|Any CPU
		{AA8E0A74-F2F2-44D7-9A3E-2A2313E1437A}.Debug|Any CPU.ActiveCfg = Debug|Any CPU
		{AA8E0A74-F2F2-44D7-9A3E-2A2313E1437A}.Debug|Any CPU.Build.0 = Debug|Any CPU
		{AA8E0A74-F2F2-44D7-9A3E-2A2313E1437A}.Release|Any CPU.ActiveCfg = Release|Any CPU
		{AA8E0A74-F2F2-44D7-9A3E-2A2313E1437A}.Release|Any CPU.Build.0 = Release|Any CPU
	EndGlobalSection
	GlobalSection(SolutionProperties) = preSolution
		HideSolutionNode = FALSE
	EndGlobalSection
	GlobalSection(NestedProjects) = preSolution
		{C48FC074-01C1-4846-B997-F658B025F3AF} = {6C1EE981-161D-4BEC-B8BF-89C567E07896}
		{80FBA350-2BCB-4FC0-BBF5-278DB8A654EF} = {9C5EF16E-5BFD-44B6-8AE3-B6E13A70B209}
		{39207F8D-0DA8-4A92-B30E-B8E21157C8BA} = {9728E587-5F7D-45AF-856D-9837F0414A7E}
		{AC8F1047-5696-48C5-B910-4475D2F32457} = {9C5EF16E-5BFD-44B6-8AE3-B6E13A70B209}
		{AA8E0A74-F2F2-44D7-9A3E-2A2313E1437A} = {9728E587-5F7D-45AF-856D-9837F0414A7E}
	EndGlobalSection
	GlobalSection(ExtensibilityGlobals) = postSolution
		SolutionGuid = {56749019-95DD-4C47-871D-DA4DF827B2C5}
	EndGlobalSection
EndGlobal
